
Microsoft Visual Studio Solution File, Format Version 12.00
# Visual Studio Version 16
VisualStudioVersion = 16.0.29215.179
MinimumVisualStudioVersion = 10.0.40219.1
Project("{FAE04EC0-301F-11D3-BF4B-00C04F79EFBC}") = "DedicatedServer.Alpha", "DedicatedServer.Alpha.csproj", "{C4CEAC98-68E0-4169-81C3-86968B2778F4}"
EndProject
Global
	GlobalSection(SolutionConfigurationPlatforms) = preSolution
		Debug|Any CPU = Debug|Any CPU
		Release|Any CPU = Release|Any CPU
	EndGlobalSection
	GlobalSection(ProjectConfigurationPlatforms) = postSolution
		{C4CEAC98-68E0-4169-81C3-86968B2778F4}.Debug|Any CPU.ActiveCfg = Debug|Any CPU
		{C4CEAC98-68E0-4169-81C3-86968B2778F4}.Debug|Any CPU.Build.0 = Debug|Any CPU
		{C4CEAC98-68E0-4169-81C3-86968B2778F4}.Release|Any CPU.ActiveCfg = Release|Any CPU
		{C4CEAC98-68E0-4169-81C3-86968B2778F4}.Release|Any CPU.Build.0 = Release|Any CPU
	EndGlobalSection
	GlobalSection(SolutionProperties) = preSolution
		HideSolutionNode = FALSE
	EndGlobalSection
	GlobalSection(ExtensibilityGlobals) = postSolution
		SolutionGuid = {EDD74AD2-9087-415E-9371-9DB35D684C6B}
	EndGlobalSection
EndGlobal
